<Solution>
  <Project Path="AngularCourse/AngularCourse.Server/AngularCourse.Server.csproj" />
  <Project Path="AngularCourse/day1-essentials.client/day1-essentials.client.esproj">
    <Build />
    <Deploy />
  </Project>
  <Project Path="AngularCourse/day2-essentials-InvestCalcPractice.client/day2-essentials-InvestCalcPractice.esproj">
    <Build />
    <Deploy />
  </Project>
  <Project Path="AngularCourse/day2-essentials-modules.client/day2-essentials-modules.client.esproj">
    <Build />
    <Deploy />
  </Project>
  <Project Path="AngularCourse/day3-components-templates/day3-components-templates.esproj">
    <Build />
    <Deploy />
  </Project>
  <Project Path="AngularCourse/day4-elements-directives/day4-elements-directives.esproj">
    <Build />
    <Deploy />
  </Project>
  <Project Path="AngularCourse/day5-pipes/day5-pipes.esproj">
    <Build />
    <Deploy />
  </Project>
  <Project Path="AngularCourse/day5-services-di/day5-services-di.esproj">
    <Build />
    <Deploy />
  </Project>
  <Project Path="AngularCourse/day6-change-detection/day6-change-detection.esproj">
    <Build />
    <Deploy />
  </Project>
</Solution>
