<Solution>
  <Project Path="angularcourse-Day2-Essentials-modules.client/angularcourse-Day2-Essentials-modules.client.esproj">
    <Build />
    <Deploy />
  </Project>
  <Project Path="AngularCourse/angularcourse.client/angularcourse-Day1-Essentials.client.esproj">
    <Build />
    <Deploy />
  </Project>
  <Project Path="AngularCourse/AngularCourse.Server/AngularCourse.Server.csproj" />
</Solution>
